
Microsoft Visual Studio Solution File, Format Version 12.00
# Visual Studio Version 17
VisualStudioVersion = 17.14.36429.23 d17.14
MinimumVisualStudioVersion = 10.0.40219.1
Project("{FAE04EC0-301F-11D3-BF4B-00C04F79EFBC}") = "Prog6212 - POE", "Prog6212 - POE\Prog6212 - POE.csproj", "{566BBC44-A1C9-44F9-8BAE-534F920AF37E}"
EndProject
Global
	GlobalSection(SolutionConfigurationPlatforms) = preSolution
		Debug|Any CPU = Debug|Any CPU
		Release|Any CPU = Release|Any CPU
	EndGlobalSection
	GlobalSection(ProjectConfigurationPlatforms) = postSolution
		{566BBC44-A1C9-44F9-8BAE-534F920AF37E}.Debug|Any CPU.ActiveCfg = Debug|Any CPU
		{566BBC44-A1C9-44F9-8BAE-534F920AF37E}.Debug|Any CPU.Build.0 = Debug|Any CPU
		{566BBC44-A1C9-44F9-8BAE-534F920AF37E}.Release|Any CPU.ActiveCfg = Release|Any CPU
		{566BBC44-A1C9-44F9-8BAE-534F920AF37E}.Release|Any CPU.Build.0 = Release|Any CPU
	EndGlobalSection
	GlobalSection(SolutionProperties) = preSolution
		HideSolutionNode = FALSE
	EndGlobalSection
	GlobalSection(ExtensibilityGlobals) = postSolution
		SolutionGuid = {85222A8C-AA84-429A-9096-E1B123AEFCEF}
	EndGlobalSection
EndGlobal
